{"changed":true,"filter":false,"title":"Gemfile.lock","tooltip":"/Gemfile.lock","value":"GEM\n  remote: https://rubygems.org/\n  remote: https://rails-assets.org/\n  specs:\n    CFPropertyList (2.3.5)\n    actioncable (5.0.4)\n      actionpack (= 5.0.4)\n      nio4r (>= 1.2, < 3.0)\n      websocket-driver (~> 0.6.1)\n    actionmailer (5.0.4)\n      actionpack (= 5.0.4)\n      actionview (= 5.0.4)\n      activejob (= 5.0.4)\n      mail (~> 2.5, >= 2.5.4)\n      rails-dom-testing (~> 2.0)\n    actionpack (5.0.4)\n      actionview (= 5.0.4)\n      activesupport (= 5.0.4)\n      rack (~> 2.0)\n      rack-test (~> 0.6.3)\n      rails-dom-testing (~> 2.0)\n      rails-html-sanitizer (~> 1.0, >= 1.0.2)\n    actionview (5.0.4)\n      activesupport (= 5.0.4)\n      builder (~> 3.1)\n      erubis (~> 2.7.0)\n      rails-dom-testing (~> 2.0)\n      rails-html-sanitizer (~> 1.0, >= 1.0.3)\n    activeadmin (1.1.0)\n      arbre (>= 1.1.1)\n      coffee-rails\n      formtastic (~> 3.1)\n      formtastic_i18n\n      inherited_resources (~> 1.7)\n      jquery-rails\n      kaminari (>= 0.15, < 2.0)\n      railties (>= 4.2, < 5.2)\n      ransack (~> 1.3)\n      sass (~> 3.1)\n      sprockets (< 4.1)\n    activejob (5.0.4)\n      activesupport (= 5.0.4)\n      globalid (>= 0.3.6)\n    activemodel (5.0.4)\n      activesupport (= 5.0.4)\n    activerecord (5.0.4)\n      activemodel (= 5.0.4)\n      activesupport (= 5.0.4)\n      arel (~> 7.0)\n    activesupport (5.0.4)\n      concurrent-ruby (~> 1.0, >= 1.0.2)\n      i18n (~> 0.7)\n      minitest (~> 5.1)\n      tzinfo (~> 1.1)\n    arbre (1.1.1)\n      activesupport (>= 3.0.0)\n    arel (7.1.4)\n    autoprefixer-rails (7.1.2.3)\n      execjs\n    bcrypt (3.1.11)\n    bindex (0.5.0)\n    bootstrap (4.0.0.alpha6)\n      autoprefixer-rails (>= 6.0.3)\n      sass (>= 3.4.19)\n    builder (3.2.3)\n    byebug (9.0.6)\n    cancancan (2.0.0)\n    carrierwave (1.1.0)\n      activemodel (>= 4.0.0)\n      activesupport (>= 4.0.0)\n      mime-types (>= 1.16)\n    climate_control (0.2.0)\n    cocaine (0.5.8)\n      climate_control (>= 0.0.3, < 1.0)\n    codemirror-rails (5.16.0)\n      railties (>= 3.0, < 6.0)\n    coffee-rails (4.2.2)\n      coffee-script (>= 2.2.0)\n      railties (>= 4.0.0)\n    coffee-script (2.4.1)\n      coffee-script-source\n      execjs\n    coffee-script-source (1.12.2)\n    concurrent-ruby (1.0.5)\n    devise (4.3.0)\n      bcrypt (~> 3.0)\n      orm_adapter (~> 0.1)\n      railties (>= 4.1.0, < 5.2)\n      responders\n      warden (~> 1.2.3)\n    domain_name (0.5.20170404)\n      unf (>= 0.0.5, < 1.0.0)\n    erubis (2.7.0)\n    excon (0.57.1)\n    execjs (2.7.0)\n    faraday (0.12.2)\n      multipart-post (>= 1.2, < 3)\n    ffi (1.9.18)\n    figaro (1.1.1)\n      thor (~> 0.14)\n    fission (0.5.0)\n      CFPropertyList (~> 2.2)\n    fog (1.40.0)\n      fog-aliyun (>= 0.1.0)\n      fog-atmos\n      fog-aws (>= 0.6.0)\n      fog-brightbox (~> 0.4)\n      fog-cloudatcost (~> 0.1.0)\n      fog-core (~> 1.43)\n      fog-digitalocean (>= 0.3.0)\n      fog-dnsimple (~> 1.0)\n      fog-dynect (~> 0.0.2)\n      fog-ecloud (~> 0.1)\n      fog-google (<= 0.1.0)\n      fog-json\n      fog-local\n      fog-openstack\n      fog-powerdns (>= 0.1.1)\n      fog-profitbricks\n      fog-rackspace\n      fog-radosgw (>= 0.0.2)\n      fog-riakcs\n      fog-sakuracloud (>= 0.0.4)\n      fog-serverlove\n      fog-softlayer\n      fog-storm_on_demand\n      fog-terremark\n      fog-vmfusion\n      fog-voxel\n      fog-vsphere (>= 0.4.0)\n      fog-xenserver\n      fog-xml (~> 0.1.1)\n      ipaddress (~> 0.5)\n      json (>= 1.8, < 2.0)\n    fog-aliyun (0.2.0)\n      fog-core (~> 1.27)\n      fog-json (~> 1.0)\n      ipaddress (~> 0.8)\n      xml-simple (~> 1.1)\n    fog-atmos (0.1.0)\n      fog-core\n      fog-xml\n    fog-aws (1.4.0)\n      fog-core (~> 1.38)\n      fog-json (~> 1.0)\n      fog-xml (~> 0.1)\n      ipaddress (~> 0.8)\n    fog-brightbox (0.13.0)\n      fog-core (~> 1.22)\n      fog-json\n      inflecto (~> 0.0.2)\n    fog-cloudatcost (0.1.2)\n      fog-core (~> 1.36)\n      fog-json (~> 1.0)\n      fog-xml (~> 0.1)\n      ipaddress (~> 0.8)\n    fog-core (1.44.3)\n      builder\n      excon (~> 0.49)\n      formatador (~> 0.2)\n    fog-digitalocean (0.3.0)\n      fog-core (~> 1.42)\n      fog-json (>= 1.0)\n      fog-xml (>= 0.1)\n      ipaddress (>= 0.5)\n    fog-dnsimple (1.0.0)\n      fog-core (~> 1.38)\n      fog-json (~> 1.0)\n    fog-dynect (0.0.3)\n      fog-core\n      fog-json\n      fog-xml\n    fog-ecloud (0.3.0)\n      fog-core\n      fog-xml\n    fog-google (0.1.0)\n      fog-core\n      fog-json\n      fog-xml\n    fog-json (1.0.2)\n      fog-core (~> 1.0)\n      multi_json (~> 1.10)\n    fog-local (0.3.1)\n      fog-core (~> 1.27)\n    fog-openstack (0.1.21)\n      fog-core (>= 1.40)\n      fog-json (>= 1.0)\n      ipaddress (>= 0.8)\n    fog-powerdns (0.1.1)\n      fog-core (~> 1.27)\n      fog-json (~> 1.0)\n      fog-xml (~> 0.1)\n    fog-profitbricks (3.0.0)\n      fog-core (~> 1.42)\n      fog-json (~> 1.0)\n    fog-rackspace (0.1.5)\n      fog-core (>= 1.35)\n      fog-json (>= 1.0)\n      fog-xml (>= 0.1)\n      ipaddress (>= 0.8)\n    fog-radosgw (0.0.5)\n      fog-core (>= 1.21.0)\n      fog-json\n      fog-xml (>= 0.0.1)\n    fog-riakcs (0.1.0)\n      fog-core\n      fog-json\n      fog-xml\n    fog-sakuracloud (1.7.5)\n      fog-core\n      fog-json\n    fog-serverlove (0.1.2)\n      fog-core\n      fog-json\n    fog-softlayer (1.1.4)\n      fog-core\n      fog-json\n    fog-storm_on_demand (0.1.1)\n      fog-core\n      fog-json\n    fog-terremark (0.1.0)\n      fog-core\n      fog-xml\n    fog-vmfusion (0.1.0)\n      fission\n      fog-core\n    fog-voxel (0.1.0)\n      fog-core\n      fog-xml\n    fog-vsphere (1.11.3)\n      fog-core\n      rbvmomi (~> 1.9)\n    fog-xenserver (0.3.0)\n      fog-core\n      fog-xml\n    fog-xml (0.1.3)\n      fog-core\n      nokogiri (>= 1.5.11, < 2.0.0)\n    font-awesome-rails (4.7.0.2)\n      railties (>= 3.2, < 5.2)\n    formatador (0.2.5)\n    formtastic (3.1.5)\n      actionpack (>= 3.2.13)\n    formtastic_i18n (0.6.0)\n    geocoder (1.4.4)\n    globalid (0.4.0)\n      activesupport (>= 4.2.0)\n    gravatarify (3.1.1)\n    has_scope (0.7.1)\n      actionpack (>= 4.1, < 5.2)\n      activesupport (>= 4.1, < 5.2)\n    hashie (3.5.6)\n    http-cookie (1.0.3)\n      domain_name (~> 0.5)\n    i18n (0.8.6)\n    inflecto (0.0.2)\n    inherited_resources (1.7.2)\n      actionpack (>= 3.2, < 5.2.x)\n      has_scope (~> 0.6)\n      railties (>= 3.2, < 5.2.x)\n      responders\n    ipaddress (0.8.3)\n    jbuilder (2.7.0)\n      activesupport (>= 4.2.0)\n      multi_json (>= 1.2)\n    jquery-rails (4.3.1)\n      rails-dom-testing (>= 1, < 3)\n      railties (>= 4.2.0)\n      thor (>= 0.14, < 2.0)\n    jquery-ui-rails (6.0.1)\n      railties (>= 3.2.16)\n    json (1.8.6)\n    jwt (1.5.6)\n    kaminari (1.0.1)\n      activesupport (>= 4.1.0)\n      kaminari-actionview (= 1.0.1)\n      kaminari-activerecord (= 1.0.1)\n      kaminari-core (= 1.0.1)\n    kaminari-actionview (1.0.1)\n      actionview\n      kaminari-core (= 1.0.1)\n    kaminari-activerecord (1.0.1)\n      activerecord\n      kaminari-core (= 1.0.1)\n    kaminari-core (1.0.1)\n    listen (3.0.8)\n      rb-fsevent (~> 0.9, >= 0.9.4)\n      rb-inotify (~> 0.9, >= 0.9.7)\n    loofah (2.0.3)\n      nokogiri (>= 1.5.9)\n    mail (2.6.6)\n      mime-types (>= 1.16, < 4)\n    mailgun-ruby (1.1.6)\n      rest-client (~> 2.0)\n    method_source (0.8.2)\n    mime-types (3.1)\n      mime-types-data (~> 3.2015)\n    mime-types-data (3.2016.0521)\n    mimemagic (0.3.2)\n    mini_magick (4.8.0)\n    mini_portile2 (2.2.0)\n    minitest (5.10.3)\n    multi_json (1.12.1)\n    multi_xml (0.6.0)\n    multipart-post (2.0.0)\n    netrc (0.11.0)\n    nio4r (2.1.0)\n    nokogiri (1.8.0)\n      mini_portile2 (~> 2.2.0)\n    oauth2 (1.4.0)\n      faraday (>= 0.8, < 0.13)\n      jwt (~> 1.0)\n      multi_json (~> 1.3)\n      multi_xml (~> 0.5)\n      rack (>= 1.2, < 3)\n    omniauth (1.6.1)\n      hashie (>= 3.4.6, < 3.6.0)\n      rack (>= 1.6.2, < 3)\n    omniauth-facebook (4.0.0)\n      omniauth-oauth2 (~> 1.2)\n    omniauth-oauth2 (1.4.0)\n      oauth2 (~> 1.0)\n      omniauth (~> 1.2)\n    orm_adapter (0.5.0)\n    paperclip (5.1.0)\n      activemodel (>= 4.2.0)\n      activesupport (>= 4.2.0)\n      cocaine (~> 0.5.5)\n      mime-types\n      mimemagic (~> 0.3.0)\n    pg (0.21.0)\n    polyamorous (1.3.1)\n      activerecord (>= 3.0)\n    puma (3.9.1)\n    rack (2.0.3)\n    rack-test (0.6.3)\n      rack (>= 1.0)\n    rails (5.0.4)\n      actioncable (= 5.0.4)\n      actionmailer (= 5.0.4)\n      actionpack (= 5.0.4)\n      actionview (= 5.0.4)\n      activejob (= 5.0.4)\n      activemodel (= 5.0.4)\n      activerecord (= 5.0.4)\n      activesupport (= 5.0.4)\n      bundler (>= 1.3.0, < 2.0)\n      railties (= 5.0.4)\n      sprockets-rails (>= 2.0.0)\n    rails-assets-tether (1.4.0)\n    rails-dom-testing (2.0.3)\n      activesupport (>= 4.2.0)\n      nokogiri (>= 1.6)\n    rails-html-sanitizer (1.0.3)\n      loofah (~> 2.0)\n    rails_db (1.6.0)\n      codemirror-rails\n      kaminari\n      rails (>= 3.1.0)\n      ransack\n      simple_form\n      terminal-table\n    railties (5.0.4)\n      actionpack (= 5.0.4)\n      activesupport (= 5.0.4)\n      method_source\n      rake (>= 0.8.7)\n      thor (>= 0.18.1, < 2.0)\n    rake (12.0.0)\n    ransack (1.8.3)\n      actionpack (>= 3.0)\n      activerecord (>= 3.0)\n      activesupport (>= 3.0)\n      i18n\n      polyamorous (~> 1.3)\n    rb-fsevent (0.10.2)\n    rb-inotify (0.9.10)\n      ffi (>= 0.5.0, < 2)\n    rbvmomi (1.11.3)\n      builder (~> 3.0)\n      json (>= 1.8)\n      nokogiri (~> 1.5)\n      trollop (~> 2.1)\n    redis (3.3.3)\n    responders (2.4.0)\n      actionpack (>= 4.2.0, < 5.3)\n      railties (>= 4.2.0, < 5.3)\n    rest-client (2.0.2)\n      http-cookie (>= 1.0.2, < 2.0)\n      mime-types (>= 1.16, < 4.0)\n      netrc (~> 0.8)\n    rolify (5.1.0)\n    sass (3.5.1)\n      sass-listen (~> 4.0.0)\n    sass-listen (4.0.0)\n      rb-fsevent (~> 0.9, >= 0.9.4)\n      rb-inotify (~> 0.9, >= 0.9.7)\n    sass-rails (5.0.6)\n      railties (>= 4.0.0, < 6)\n      sass (~> 3.1)\n      sprockets (>= 2.8, < 4.0)\n      sprockets-rails (>= 2.0, < 4.0)\n      tilt (>= 1.1, < 3)\n    simple_calendar (2.2.6)\n      rails (>= 3.0)\n    simple_form (3.5.0)\n      actionpack (> 4, < 5.2)\n      activemodel (> 4, < 5.2)\n    spring (2.0.2)\n      activesupport (>= 4.2)\n    spring-watcher-listen (2.0.1)\n      listen (>= 2.7, < 4.0)\n      spring (>= 1.2, < 3.0)\n    sprockets (3.7.1)\n      concurrent-ruby (~> 1.0)\n      rack (> 1, < 3)\n    sprockets-rails (3.2.0)\n      actionpack (>= 4.0)\n      activesupport (>= 4.0)\n      sprockets (>= 3.0.0)\n    sqlite3 (1.3.13)\n    terminal-table (1.8.0)\n      unicode-display_width (~> 1.1, >= 1.1.1)\n    thor (0.19.4)\n    thread_safe (0.3.6)\n    tilt (2.0.8)\n    toastr-rails (1.0.3)\n      railties (>= 3.1.0)\n    trollop (2.1.2)\n    turbolinks (5.0.1)\n      turbolinks-source (~> 5)\n    turbolinks-source (5.0.3)\n    tzinfo (1.2.3)\n      thread_safe (~> 0.1)\n    uglifier (3.2.0)\n      execjs (>= 0.3.0, < 3)\n    unf (0.1.4)\n      unf_ext\n    unf_ext (0.0.7.4)\n    unicode-display_width (1.3.0)\n    warden (1.2.7)\n      rack (>= 1.0)\n    web-console (3.5.1)\n      actionview (>= 5.0)\n      activemodel (>= 5.0)\n      bindex (>= 0.4.0)\n      railties (>= 5.0)\n    websocket-driver (0.6.5)\n      websocket-extensions (>= 0.1.0)\n    websocket-extensions (0.1.2)\n    xml-simple (1.1.5)\n\nPLATFORMS\n  ruby\n\nDEPENDENCIES\n  activeadmin\n  bootstrap\n  byebug\n  cancancan\n  carrierwave\n  coffee-rails (~> 4.2)\n  devise\n  figaro\n  fog\n  font-awesome-rails\n  geocoder\n  gravatarify\n  jbuilder (~> 2.5)\n  jquery-rails\n  jquery-ui-rails\n  kaminari\n  listen (~> 3.0.5)\n  mailgun-ruby (~> 1.1, >= 1.1.6)\n  mini_magick\n  omniauth-facebook\n  paperclip\n  pg\n  puma (~> 3.0)\n  rails (~> 5.0.4)\n  rails-assets-tether!\n  rails_db (~> 1.6)\n  ransack\n  redis\n  rolify\n  sass-rails (~> 5.0)\n  simple_calendar (~> 2.0)\n  spring\n  spring-watcher-listen (~> 2.0.0)\n  sqlite3\n  toastr-rails\n  turbolinks (~> 5)\n  tzinfo-data\n  uglifier (>= 1.3.0)\n  web-console (>= 3.3.0)\n\nBUNDLED WITH\n   1.15.3\n","undoManager":{"mark":-2,"position":0,"stack":[[{"start":{"row":90,"column":4},"end":{"row":92,"column":4},"action":"insert","lines":["domain_name (0.5.20170404)","      unf (>= 0.0.5, < 1.0.0)","    "],"id":2},{"start":{"row":252,"column":0},"end":{"row":254,"column":0},"action":"insert","lines":["    http-cookie (1.0.3)","      domain_name (~> 0.5)",""]},{"start":{"row":292,"column":0},"end":{"row":294,"column":0},"action":"insert","lines":["    mailgun-ruby (1.1.6)","      rest-client (~> 2.0)",""]},{"start":{"row":305,"column":0},"end":{"row":306,"column":0},"action":"insert","lines":["    netrc (0.11.0)",""]},{"start":{"row":387,"column":0},"end":{"row":391,"column":0},"action":"insert","lines":["    rest-client (2.0.2)","      http-cookie (>= 1.0.2, < 2.0)","      mime-types (>= 1.16, < 4.0)","      netrc (~> 0.8)",""]},{"start":{"row":436,"column":0},"end":{"row":439,"column":0},"action":"insert","lines":["    unf (0.1.4)","      unf_ext","    unf_ext (0.0.7.4)",""]},{"start":{"row":465,"column":0},"end":{"row":466,"column":0},"action":"remove","lines":["  fog-aws",""]},{"start":{"row":472,"column":18},"end":{"row":473,"column":32},"action":"insert","lines":[")","  mailgun-ruby (~> 1.1, >= 1.1.6"]}]]},"ace":{"folds":[],"scrolltop":61.5,"scrollleft":0,"selection":{"start":{"row":0,"column":0},"end":{"row":0,"column":0},"isBackwards":false},"options":{"guessTabSize":true,"useWrapMode":false,"wrapToView":true},"firstLineState":{"row":83,"state":"start","mode":"ace/mode/text"}},"timestamp":1501918082764}